
Microsoft Visual Studio Solution File, Format Version 12.00
Project("{FAE04EC0-301F-11D3-BF4B-00C04F79EFBC}") = "MessageBroker", "MessageBroker\MessageBroker.csproj", "{67229A72-869F-4517-AEA9-46476251FD62}"
EndProject
Global
	GlobalSection(SolutionConfigurationPlatforms) = preSolution
		Debug|Any CPU = Debug|Any CPU
		Release|Any CPU = Release|Any CPU
	EndGlobalSection
	GlobalSection(ProjectConfigurationPlatforms) = postSolution
		{67229A72-869F-4517-AEA9-46476251FD62}.Debug|Any CPU.ActiveCfg = Debug|Any CPU
		{67229A72-869F-4517-AEA9-46476251FD62}.Debug|Any CPU.Build.0 = Debug|Any CPU
		{67229A72-869F-4517-AEA9-46476251FD62}.Release|Any CPU.ActiveCfg = Release|Any CPU
		{67229A72-869F-4517-AEA9-46476251FD62}.Release|Any CPU.Build.0 = Release|Any CPU
	EndGlobalSection
EndGlobal
